
Microsoft Visual Studio Solution File, Format Version 12.00
# Visual Studio 14
VisualStudioVersion = 14.0.25420.1
MinimumVisualStudioVersion = 10.0.40219.1
Project("{FAE04EC0-301F-11D3-BF4B-00C04F79EFBC}") = "CoreProject", "CoreProject\CoreProject.csproj", "{D993053F-B3C2-429F-9963-8477A1E34ACD}"
EndProject
Project("{FAE04EC0-301F-11D3-BF4B-00C04F79EFBC}") = "CoreProjectTests", "CoreProjectTests\CoreProjectTests.csproj", "{98E0872B-4739-42FB-9029-091BFD8038B4}"
EndProject
Project("{F088123C-0E9E-452A-89E6-6BA2F21D5CAC}") = "TestSequence", "..\..\..\..\Desktop\TestSequence\TestSequence.modelproj", "{34566CBE-3801-4B84-A7B5-2C1895CBC458}"
EndProject
Project("{FAE04EC0-301F-11D3-BF4B-00C04F79EFBC}") = "CoreProject.Tests", "CoreProject.Tests\CoreProject.Tests.csproj", "{5B2AA6D9-918F-4678-99D7-0B6DCB6D2F14}"
EndProject
Global
	GlobalSection(SolutionConfigurationPlatforms) = preSolution
		Debug|Any CPU = Debug|Any CPU
		Release|Any CPU = Release|Any CPU
	EndGlobalSection
	GlobalSection(ProjectConfigurationPlatforms) = postSolution
		{D993053F-B3C2-429F-9963-8477A1E34ACD}.Debug|Any CPU.ActiveCfg = Debug|Any CPU
		{D993053F-B3C2-429F-9963-8477A1E34ACD}.Debug|Any CPU.Build.0 = Debug|Any CPU
		{D993053F-B3C2-429F-9963-8477A1E34ACD}.Release|Any CPU.ActiveCfg = Release|Any CPU
		{D993053F-B3C2-429F-9963-8477A1E34ACD}.Release|Any CPU.Build.0 = Release|Any CPU
		{98E0872B-4739-42FB-9029-091BFD8038B4}.Debug|Any CPU.ActiveCfg = Debug|Any CPU
		{98E0872B-4739-42FB-9029-091BFD8038B4}.Debug|Any CPU.Build.0 = Debug|Any CPU
		{98E0872B-4739-42FB-9029-091BFD8038B4}.Release|Any CPU.ActiveCfg = Release|Any CPU
		{98E0872B-4739-42FB-9029-091BFD8038B4}.Release|Any CPU.Build.0 = Release|Any CPU
		{34566CBE-3801-4B84-A7B5-2C1895CBC458}.Debug|Any CPU.ActiveCfg = Debug|Any CPU
		{34566CBE-3801-4B84-A7B5-2C1895CBC458}.Debug|Any CPU.Build.0 = Debug|Any CPU
		{34566CBE-3801-4B84-A7B5-2C1895CBC458}.Release|Any CPU.ActiveCfg = Release|Any CPU
		{34566CBE-3801-4B84-A7B5-2C1895CBC458}.Release|Any CPU.Build.0 = Release|Any CPU
		{5B2AA6D9-918F-4678-99D7-0B6DCB6D2F14}.Debug|Any CPU.ActiveCfg = Debug|Any CPU
		{5B2AA6D9-918F-4678-99D7-0B6DCB6D2F14}.Debug|Any CPU.Build.0 = Debug|Any CPU
		{5B2AA6D9-918F-4678-99D7-0B6DCB6D2F14}.Release|Any CPU.ActiveCfg = Release|Any CPU
		{5B2AA6D9-918F-4678-99D7-0B6DCB6D2F14}.Release|Any CPU.Build.0 = Release|Any CPU
	EndGlobalSection
	GlobalSection(SolutionProperties) = preSolution
		HideSolutionNode = FALSE
	EndGlobalSection
EndGlobal
